# THIS IS AN AUTOGENERATED FILE. DO NOT EDIT THIS FILE DIRECTLY.
# yarn lockfile v1


"@rnbo/js@^1.0.2":
  version "1.0.2"
  resolved "https://registry.yarnpkg.com/@rnbo/js/-/js-1.0.2.tgz#fbb9defda3741c369bfa2a9049b71c89ff2e8bdb"
  integrity sha512-7TQzz5TfaF9XsrqVKc3DzdNJRZVBQmKmtg4p/m0jV/mRJ3ZcZ3b3EsE8sDqOucbRiq7s7qyHJEoUdIcb3E9l2w==
